<?xml version="1.0" encoding="utf-8"?>
<Project ToolsVersion="4.0" xmlns="http://schemas.microsoft.com/developer/msbuild/2003">
  <ItemGroup>
    <Filter Include="Source Files">
      <UniqueIdentifier>{4FC737F1-C7A5-4376-A066-2A32D752A2FF}</UniqueIdentifier>
      <Extensions>cpp;c;cc;cxx;def;odl;idl;hpj;bat;asm;asmx</Extensions>
    </Filter>
    <Filter Include="Header Files">
      <UniqueIdentifier>{93995380-89BD-4b04-88EB-625FBE52EBFB}</UniqueIdentifier>
      <Extensions>h;hh;hpp;hxx;hm;inl;inc;ipp;xsd</Extensions>
    </Filter>
    <Filter Include="Resource Files">
      <UniqueIdentifier>{67DA6AB6-F800-4c08-8B7A-83BB121AAD01}</UniqueIdentifier>
      <Extensions>rc;ico;cur;bmp;dlg;rc2;rct;bin;rgs;gif;jpg;jpeg;jpe;resx;tiff;tif;png;wav;mfcribbon-ms</Extensions>
    </Filter>
    <Filter Include="Source Files\GameData">
      <UniqueIdentifier>{5eadea7a-7d95-4e3d-81d0-fa85ed3d5229}</UniqueIdentifier>
    </Filter>
    <Filter Include="Source Files\GameData\Framework">
      <UniqueIdentifier>{4577ad33-6443-405d-8bb1-943bc9697e15}</UniqueIdentifier>
    </Filter>
    <Filter Include="Source Files\GameData\Gameplay">
      <UniqueIdentifier>{c8299695-4847-4ef0-a900-120d424e194d}</UniqueIdentifier>
    </Filter>
  </ItemGroup>
  <ItemGroup>
    <ClCompile Include="Main.cpp">
      <Filter>Source Files</Filter>
    </ClCompile>
    <ClCompile Include="Engine.cpp">
      <Filter>Source Files</Filter>
    </ClCompile>
    <ClCompile Include="Player.cpp">
      <Filter>Source Files</Filter>
    </ClCompile>
    <ClCompile Include="Map.cpp">
      <Filter>Source Files</Filter>
    </ClCompile>
    <ClCompile Include="TextureManager.cpp">
      <Filter>Source Files</Filter>
    </ClCompile>
    <ClCompile Include="FSM.cpp">
      <Filter>Source Files</Filter>
    </ClCompile>
    <ClCompile Include="Gun.cpp">
      <Filter>Source Files</Filter>
    </ClCompile>
    <ClCompile Include="Util.cpp">
      <Filter>Source Files</Filter>
    </ClCompile>
    <ClCompile Include="Timer.cpp">
      <Filter>Source Files</Filter>
    </ClCompile>
    <ClCompile Include="tinyxml2.cpp">
      <Filter>Source Files\GameData\Framework</Filter>
    </ClCompile>
    <ClCompile Include="DataSet.cpp">
      <Filter>Source Files\GameData\Framework</Filter>
    </ClCompile>
    <ClCompile Include="GameData.cpp">
      <Filter>Source Files\GameData\Framework</Filter>
    </ClCompile>
    <ClCompile Include="Level.cpp">
      <Filter>Source Files\GameData\Gameplay</Filter>
    </ClCompile>
    <ClCompile Include="PlayerData.cpp">
      <Filter>Source Files\GameData\Gameplay</Filter>
    </ClCompile>
    <ClCompile Include="Scorecard.cpp">
      <Filter>Source Files\GameData\Gameplay</Filter>
    </ClCompile>
    <ClCompile Include="Tile.cpp">
      <Filter>Source Files\GameData\Gameplay</Filter>
    </ClCompile>
    <ClCompile Include="TileMap.cpp">
      <Filter>Source Files\GameData\Gameplay</Filter>
    </ClCompile>
    <ClCompile Include="Weapon.cpp">
      <Filter>Source Files\GameData\Gameplay</Filter>
    </ClCompile>
  </ItemGroup>
  <ItemGroup>
    <ClInclude Include="Engine.h">
      <Filter>Header Files</Filter>
    </ClInclude>
    <ClInclude Include="Player.h">
      <Filter>Header Files</Filter>
    </ClInclude>
    <ClInclude Include="Map.h">
      <Filter>Header Files</Filter>
    </ClInclude>
    <ClInclude Include="TextureManager.h">
      <Filter>Header Files</Filter>
    </ClInclude>
    <ClInclude Include="FSM.h">
      <Filter>Header Files</Filter>
    </ClInclude>
    <ClInclude Include="Gun.h">
      <Filter>Header Files</Filter>
    </ClInclude>
    <ClInclude Include="Util.h">
      <Filter>Header Files</Filter>
    </ClInclude>
    <ClInclude Include="Timer.h">
      <Filter>Header Files</Filter>
    </ClInclude>
    <ClInclude Include="tinyxml2.h">
      <Filter>Source Files\GameData\Framework</Filter>
    </ClInclude>
    <ClInclude Include="DataSet.h">
      <Filter>Source Files\GameData\Framework</Filter>
    </ClInclude>
    <ClInclude Include="GameData.h">
      <Filter>Source Files\GameData\Framework</Filter>
    </ClInclude>
    <ClInclude Include="Level.h">
      <Filter>Source Files\GameData\Gameplay</Filter>
    </ClInclude>
    <ClInclude Include="PlayerData.h">
      <Filter>Source Files\GameData\Gameplay</Filter>
    </ClInclude>
    <ClInclude Include="Scorecard.h">
      <Filter>Source Files\GameData\Gameplay</Filter>
    </ClInclude>
    <ClInclude Include="Tile.h">
      <Filter>Source Files\GameData\Gameplay</Filter>
    </ClInclude>
    <ClInclude Include="TileMap.h">
      <Filter>Source Files\GameData\Gameplay</Filter>
    </ClInclude>
    <ClInclude Include="Weapon.h">
      <Filter>Source Files\GameData\Gameplay</Filter>
    </ClInclude>
  </ItemGroup>
  <ItemGroup>
    <Image Include="Player.png">
      <Filter>Resource Files</Filter>
    </Image>
    <Image Include="TitleState.png">
      <Filter>Resource Files</Filter>
    </Image>
    <Image Include="..\Assets\Textures\PPSH.png">
      <Filter>Resource Files</Filter>
    </Image>
  </ItemGroup>
  <ItemGroup>
    <Xml Include="GameData\GameData.xml">
      <Filter>Resource Files</Filter>
    </Xml>
    <Xml Include="GameData\Level1_1.xml">
      <Filter>Resource Files</Filter>
    </Xml>
    <Xml Include="GameData\Player1.xml">
      <Filter>Resource Files</Filter>
    </Xml>
    <Xml Include="GameData\PlayerData.xml">
      <Filter>Resource Files</Filter>
    </Xml>
    <Xml Include="GameData\Level1_2.xml">
      <Filter>Resource Files</Filter>
    </Xml>
  </ItemGroup>
  <ItemGroup>
    <None Include="GameData\Lounge.tsx">
      <Filter>Resource Files</Filter>
    </None>
  </ItemGroup>
</Project>