<?xml version="1.0" encoding="utf-8"?>
<Project ToolsVersion="4.0" xmlns="http://schemas.microsoft.com/developer/msbuild/2003">
  <ItemGroup>
    <Filter Include="Source Files">
      <UniqueIdentifier>{4FC737F1-C7A5-4376-A066-2A32D752A2FF}</UniqueIdentifier>
      <Extensions>cpp;c;cc;cxx;def;odl;idl;hpj;bat;asm;asmx</Extensions>
    </Filter>
    <Filter Include="Header Files">
      <UniqueIdentifier>{93995380-89BD-4b04-88EB-625FBE52EBFB}</UniqueIdentifier>
      <Extensions>h;hh;hpp;hxx;hm;inl;inc;ipp;xsd</Extensions>
    </Filter>
    <Filter Include="Resource Files">
      <UniqueIdentifier>{67DA6AB6-F800-4c08-8B7A-83BB121AAD01}</UniqueIdentifier>
      <Extensions>rc;ico;cur;bmp;dlg;rc2;rct;bin;rgs;gif;jpg;jpeg;jpe;resx;tiff;tif;png;wav;mfcribbon-ms</Extensions>
    </Filter>
    <Filter Include="GameData">
      <UniqueIdentifier>{3d48c669-89a8-40ce-a942-92ec7d111877}</UniqueIdentifier>
    </Filter>
    <Filter Include="GameData\Framework">
      <UniqueIdentifier>{5f85c2a7-17bb-46fe-ac44-4b9a627a3854}</UniqueIdentifier>
    </Filter>
    <Filter Include="GameData\Gameplay">
      <UniqueIdentifier>{b184bbc3-4c45-4067-b315-9b88dd16f41c}</UniqueIdentifier>
    </Filter>
    <Filter Include="GameData\Resources">
      <UniqueIdentifier>{d17b8711-e901-4447-af5e-0ee05c274ee7}</UniqueIdentifier>
    </Filter>
  </ItemGroup>
  <ItemGroup>
    <ClCompile Include="Main.cpp">
      <Filter>Source Files</Filter>
    </ClCompile>
    <ClCompile Include="Engine.cpp">
      <Filter>Source Files</Filter>
    </ClCompile>
    <ClCompile Include="Player.cpp">
      <Filter>Source Files</Filter>
    </ClCompile>
    <ClCompile Include="TextureManager.cpp">
      <Filter>Source Files</Filter>
    </ClCompile>
    <ClCompile Include="FSM.cpp">
      <Filter>Source Files</Filter>
    </ClCompile>
    <ClCompile Include="Gun.cpp">
      <Filter>Source Files</Filter>
    </ClCompile>
    <ClCompile Include="Util.cpp">
      <Filter>Source Files</Filter>
    </ClCompile>
    <ClCompile Include="Timer.cpp">
      <Filter>Source Files</Filter>
    </ClCompile>
    <ClCompile Include="Button.cpp">
      <Filter>Source Files</Filter>
    </ClCompile>
    <ClCompile Include="DataSet.cpp">
      <Filter>GameData\Framework</Filter>
    </ClCompile>
    <ClCompile Include="GameData.cpp">
      <Filter>GameData\Framework</Filter>
    </ClCompile>
    <ClCompile Include="Level.cpp">
      <Filter>GameData\Gameplay</Filter>
    </ClCompile>
    <ClCompile Include="Scorecard.cpp">
      <Filter>GameData\Gameplay</Filter>
    </ClCompile>
    <ClCompile Include="PlayerData.cpp">
      <Filter>GameData\Gameplay</Filter>
    </ClCompile>
    <ClCompile Include="Weapon.cpp">
      <Filter>GameData\Gameplay</Filter>
    </ClCompile>
    <ClCompile Include="tinyxml2.cpp">
      <Filter>GameData\Framework</Filter>
    </ClCompile>
    <ClCompile Include="XMLManager.cpp">
      <Filter>GameData\Framework</Filter>
    </ClCompile>
    <ClCompile Include="Tile.cpp">
      <Filter>GameData\Gameplay</Filter>
    </ClCompile>
    <ClCompile Include="TileMap.cpp">
      <Filter>GameData\Gameplay</Filter>
    </ClCompile>
    <ClCompile Include="Camera.cpp">
      <Filter>Source Files</Filter>
    </ClCompile>
  </ItemGroup>
  <ItemGroup>
    <ClInclude Include="Engine.h">
      <Filter>Header Files</Filter>
    </ClInclude>
    <ClInclude Include="Player.h">
      <Filter>Header Files</Filter>
    </ClInclude>
    <ClInclude Include="TextureManager.h">
      <Filter>Header Files</Filter>
    </ClInclude>
    <ClInclude Include="FSM.h">
      <Filter>Header Files</Filter>
    </ClInclude>
    <ClInclude Include="Gun.h">
      <Filter>Header Files</Filter>
    </ClInclude>
    <ClInclude Include="Util.h">
      <Filter>Header Files</Filter>
    </ClInclude>
    <ClInclude Include="Timer.h">
      <Filter>Header Files</Filter>
    </ClInclude>
    <ClInclude Include="Button.h">
      <Filter>Header Files</Filter>
    </ClInclude>
    <ClInclude Include="DataSet.h">
      <Filter>GameData\Framework</Filter>
    </ClInclude>
    <ClInclude Include="GameData.h">
      <Filter>GameData\Framework</Filter>
    </ClInclude>
    <ClInclude Include="Level.h">
      <Filter>GameData\Gameplay</Filter>
    </ClInclude>
    <ClInclude Include="PlayerData.h">
      <Filter>GameData\Gameplay</Filter>
    </ClInclude>
    <ClInclude Include="Scorecard.h">
      <Filter>GameData\Gameplay</Filter>
    </ClInclude>
    <ClInclude Include="Weapon.h">
      <Filter>GameData\Gameplay</Filter>
    </ClInclude>
    <ClInclude Include="tinyxml2.h">
      <Filter>GameData\Framework</Filter>
    </ClInclude>
    <ClInclude Include="XMLManager.h">
      <Filter>GameData\Framework</Filter>
    </ClInclude>
    <ClInclude Include="Tile.h">
      <Filter>GameData\Gameplay</Filter>
    </ClInclude>
    <ClInclude Include="TileMap.h">
      <Filter>GameData\Gameplay</Filter>
    </ClInclude>
    <ClInclude Include="Camera.h">
      <Filter>Header Files</Filter>
    </ClInclude>
  </ItemGroup>
  <ItemGroup>
    <Image Include="Player.png">
      <Filter>Resource Files</Filter>
    </Image>
    <Image Include="TitleState.png">
      <Filter>Resource Files</Filter>
    </Image>
    <Image Include="..\Assets\Textures\PPSH.png">
      <Filter>Resource Files</Filter>
    </Image>
  </ItemGroup>
  <ItemGroup>
    <Xml Include="GameData\GameData.xml">
      <Filter>GameData\Resources</Filter>
    </Xml>
    <Xml Include="GameData\Level1_1.xml">
      <Filter>GameData\Resources</Filter>
    </Xml>
    <Xml Include="GameData\Level1_2.xml">
      <Filter>GameData\Resources</Filter>
    </Xml>
    <Xml Include="GameData\Player1.xml">
      <Filter>GameData\Resources</Filter>
    </Xml>
    <Xml Include="GameData\PlayerData.xml">
      <Filter>GameData\Resources</Filter>
    </Xml>
    <Xml Include="LevelScores.xml">
      <Filter>GameData\Resources</Filter>
    </Xml>
  </ItemGroup>
  <ItemGroup>
    <None Include="GameData\Lounge.tsx">
      <Filter>GameData\Resources</Filter>
    </None>
  </ItemGroup>
</Project>